
Microsoft Visual Studio Solution File, Format Version 12.00
# Visual Studio Version 17
VisualStudioVersion = 17.14.36203.30 d17.14
MinimumVisualStudioVersion = 10.0.40219.1
Project("{FAE04EC0-301F-11D3-BF4B-00C04F79EFBC}") = "Core_WebProj", "Core_WebProj\Core_WebProj.csproj", "{12328875-E9F8-46FB-B72B-A070228FAA52}"
EndProject
Global
	GlobalSection(SolutionConfigurationPlatforms) = preSolution
		Debug|Any CPU = Debug|Any CPU
		Release|Any CPU = Release|Any CPU
	EndGlobalSection
	GlobalSection(ProjectConfigurationPlatforms) = postSolution
		{12328875-E9F8-46FB-B72B-A070228FAA52}.Debug|Any CPU.ActiveCfg = Debug|Any CPU
		{12328875-E9F8-46FB-B72B-A070228FAA52}.Debug|Any CPU.Build.0 = Debug|Any CPU
		{12328875-E9F8-46FB-B72B-A070228FAA52}.Release|Any CPU.ActiveCfg = Release|Any CPU
		{12328875-E9F8-46FB-B72B-A070228FAA52}.Release|Any CPU.Build.0 = Release|Any CPU
	EndGlobalSection
	GlobalSection(SolutionProperties) = preSolution
		HideSolutionNode = FALSE
	EndGlobalSection
	GlobalSection(ExtensibilityGlobals) = postSolution
		SolutionGuid = {C5A28104-B88F-49DD-85B1-48DBFD0ADFD2}
	EndGlobalSection
EndGlobal
